// !$*UTF8*$!
{
	archiveVersion = 1;
	classes = {
	};
	objectVersion = 50;
	objects = {

/* Begin PBXBuildFile section */
		3A64B68221160E3B00AFAAF6 /* MineralViewController.swift in Sources */ = {isa = PBXBuildFile; fileRef = 3A64B68121160E3B00AFAAF6 /* MineralViewController.swift */; };
		3A64B68521160E5E00AFAAF6 /* NewsViewController.swift in Sources */ = {isa = PBXBuildFile; fileRef = 3A64B68421160E5E00AFAAF6 /* NewsViewController.swift */; };
		3A64B68821160EA300AFAAF6 /* MineViewController.swift in Sources */ = {isa = PBXBuildFile; fileRef = 3A64B68721160EA300AFAAF6 /* MineViewController.swift */; };
		3A64B68F2118AF8800AFAAF6 /* UnloginView.swift in Sources */ = {isa = PBXBuildFile; fileRef = 3A64B68E2118AF8800AFAAF6 /* UnloginView.swift */; };
		3A77E9912113444100C06B90 /* UIButtonExt.swift in Sources */ = {isa = PBXBuildFile; fileRef = 3A77E9902113444100C06B90 /* UIButtonExt.swift */; };
		3A77E9932113514B00C06B90 /* UIViewControllerExt.swift in Sources */ = {isa = PBXBuildFile; fileRef = 3A77E9922113514B00C06B90 /* UIViewControllerExt.swift */; };
		3A77E99821136F4600C06B90 /* ForgotPwdViewController.swift in Sources */ = {isa = PBXBuildFile; fileRef = 3A77E99721136F4600C06B90 /* ForgotPwdViewController.swift */; };
		3A77E99A2113750700C06B90 /* VerifyPhoneViewController.swift in Sources */ = {isa = PBXBuildFile; fileRef = 3A77E9992113750700C06B90 /* VerifyPhoneViewController.swift */; };
		3A77E99C211378A000C06B90 /* VerifyCodeViewController.swift in Sources */ = {isa = PBXBuildFile; fileRef = 3A77E99B211378A000C06B90 /* VerifyCodeViewController.swift */; };
		3A77E9A0211595A500C06B90 /* HomeIndicatorView.swift in Sources */ = {isa = PBXBuildFile; fileRef = 3A77E99F211595A500C06B90 /* HomeIndicatorView.swift */; };
		3A77E9A221159AE000C06B90 /* HomeListTableViewModel.swift in Sources */ = {isa = PBXBuildFile; fileRef = 3A77E9A121159AE000C06B90 /* HomeListTableViewModel.swift */; };
		3A77E9A421159B0B00C06B90 /* HomeListTableViewCell.swift in Sources */ = {isa = PBXBuildFile; fileRef = 3A77E9A321159B0B00C06B90 /* HomeListTableViewCell.swift */; };
		5A25851D21185AC40038AD5C /* HomeListTableCellModel.swift in Sources */ = {isa = PBXBuildFile; fileRef = 5A25851C21185AC40038AD5C /* HomeListTableCellModel.swift */; };
		5AD9ABF62112D69500BB5AAA /* GraphCodeView.m in Sources */ = {isa = PBXBuildFile; fileRef = 5AD9ABF52112D69500BB5AAA /* GraphCodeView.m */; };
		5AD9ABFD2116DF7F00BB5AAA /* KeychainPasswordItem.swift in Sources */ = {isa = PBXBuildFile; fileRef = 5AD9ABFC2116DF7F00BB5AAA /* KeychainPasswordItem.swift */; };
		5AD9ABFF2116DF9A00BB5AAA /* KeychainConfiguration.swift in Sources */ = {isa = PBXBuildFile; fileRef = 5AD9ABFE2116DF9A00BB5AAA /* KeychainConfiguration.swift */; };
		5AD9AC012116F13A00BB5AAA /* HomeWalletListViewModel.swift in Sources */ = {isa = PBXBuildFile; fileRef = 5AD9AC002116F13A00BB5AAA /* HomeWalletListViewModel.swift */; };
		5AD9AC032117068C00BB5AAA /* LoginModel.swift in Sources */ = {isa = PBXBuildFile; fileRef = 5AD9AC022117068C00BB5AAA /* LoginModel.swift */; };
		5AD9AC052117276000BB5AAA /* InputValidation.swift in Sources */ = {isa = PBXBuildFile; fileRef = 5AD9AC042117276000BB5AAA /* InputValidation.swift */; };
		5AD9AC072117EE9200BB5AAA /* HomeRightDrawer.swift in Sources */ = {isa = PBXBuildFile; fileRef = 5AD9AC062117EE9200BB5AAA /* HomeRightDrawer.swift */; };
		5AF5929B211152B7005C9F3E /* AppDelegate.swift in Sources */ = {isa = PBXBuildFile; fileRef = 5AF5929A211152B7005C9F3E /* AppDelegate.swift */; };
		5AF592A2211152B9005C9F3E /* Assets.xcassets in Resources */ = {isa = PBXBuildFile; fileRef = 5AF592A1211152B9005C9F3E /* Assets.xcassets */; };
		5AF592A5211152B9005C9F3E /* LaunchScreen.storyboard in Resources */ = {isa = PBXBuildFile; fileRef = 5AF592A3211152B9005C9F3E /* LaunchScreen.storyboard */; };
		5AF592AE211153B3005C9F3E /* CRORequest.swift in Sources */ = {isa = PBXBuildFile; fileRef = 5AF592AD211153B3005C9F3E /* CRORequest.swift */; };
		5AF592B2211153D2005C9F3E /* RefreshHeader.swift in Sources */ = {isa = PBXBuildFile; fileRef = 5AF592B0211153D2005C9F3E /* RefreshHeader.swift */; };
		5AF592B3211153D2005C9F3E /* WebView.swift in Sources */ = {isa = PBXBuildFile; fileRef = 5AF592B1211153D2005C9F3E /* WebView.swift */; };
		5AF592CC21115425005C9F3E /* HomeCollectionViewModel.swift in Sources */ = {isa = PBXBuildFile; fileRef = 5AF592C521115425005C9F3E /* HomeCollectionViewModel.swift */; };
		5AF592CD21115425005C9F3E /* HomeCollectionCellModel.swift in Sources */ = {isa = PBXBuildFile; fileRef = 5AF592C621115425005C9F3E /* HomeCollectionCellModel.swift */; };
		5AF592CE21115425005C9F3E /* HomeCollectionViewCell.swift in Sources */ = {isa = PBXBuildFile; fileRef = 5AF592C821115425005C9F3E /* HomeCollectionViewCell.swift */; };
		5AF592CF21115425005C9F3E /* HomeCollectionView.swift in Sources */ = {isa = PBXBuildFile; fileRef = 5AF592C921115425005C9F3E /* HomeCollectionView.swift */; };
		5AF592D021115425005C9F3E /* HomeViewController.swift in Sources */ = {isa = PBXBuildFile; fileRef = 5AF592CB21115425005C9F3E /* HomeViewController.swift */; };
		5AF592D321115947005C9F3E /* HUD.swift in Sources */ = {isa = PBXBuildFile; fileRef = 5AF592D221115947005C9F3E /* HUD.swift */; };
		5AF592D521115BD3005C9F3E /* PhoneLoginViewController.swift in Sources */ = {isa = PBXBuildFile; fileRef = 5AF592D421115BD3005C9F3E /* PhoneLoginViewController.swift */; };
		5AF592D721115E3E005C9F3E /* RegisterViewController.swift in Sources */ = {isa = PBXBuildFile; fileRef = 5AF592D621115E3E005C9F3E /* RegisterViewController.swift */; };
		5AF592DA21115F02005C9F3E /* TabBarViewController.swift in Sources */ = {isa = PBXBuildFile; fileRef = 5AF592D921115F02005C9F3E /* TabBarViewController.swift */; };
		5AF592DD21119B37005C9F3E /* UIViewExt.swift in Sources */ = {isa = PBXBuildFile; fileRef = 5AF592DC21119B37005C9F3E /* UIViewExt.swift */; };
		5AF592DF21119F3E005C9F3E /* UIColorExt.swift in Sources */ = {isa = PBXBuildFile; fileRef = 5AF592DE21119F3E005C9F3E /* UIColorExt.swift */; };
		5AF592E22111AB2C005C9F3E /* UIImageExt.swift in Sources */ = {isa = PBXBuildFile; fileRef = 5AF592E12111AB2C005C9F3E /* UIImageExt.swift */; };
		62795F05AF21262D0D4067C0 /* Pods_Cros.framework in Frameworks */ = {isa = PBXBuildFile; fileRef = 207A73707D9ABDEE01F274E2 /* Pods_Cros.framework */; };
/* End PBXBuildFile section */

/* Begin PBXFileReference section */
		1B658E1B7A063FB302630298 /* Pods-Cros.release.xcconfig */ = {isa = PBXFileReference; includeInIndex = 1; lastKnownFileType = text.xcconfig; name = "Pods-Cros.release.xcconfig"; path = "Pods/Target Support Files/Pods-Cros/Pods-Cros.release.xcconfig"; sourceTree = "<group>"; };
		207A73707D9ABDEE01F274E2 /* Pods_Cros.framework */ = {isa = PBXFileReference; explicitFileType = wrapper.framework; includeInIndex = 0; path = Pods_Cros.framework; sourceTree = BUILT_PRODUCTS_DIR; };
		3A64B68121160E3B00AFAAF6 /* MineralViewController.swift */ = {isa = PBXFileReference; lastKnownFileType = sourcecode.swift; path = MineralViewController.swift; sourceTree = "<group>"; };
		3A64B68421160E5E00AFAAF6 /* NewsViewController.swift */ = {isa = PBXFileReference; lastKnownFileType = sourcecode.swift; path = NewsViewController.swift; sourceTree = "<group>"; };
		3A64B68721160EA300AFAAF6 /* MineViewController.swift */ = {isa = PBXFileReference; lastKnownFileType = sourcecode.swift; path = MineViewController.swift; sourceTree = "<group>"; };
		3A64B689211756BC00AFAAF6 /* Cros.entitlements */ = {isa = PBXFileReference; lastKnownFileType = text.plist.entitlements; path = Cros.entitlements; sourceTree = "<group>"; };
		3A64B68E2118AF8800AFAAF6 /* UnloginView.swift */ = {isa = PBXFileReference; lastKnownFileType = sourcecode.swift; path = UnloginView.swift; sourceTree = "<group>"; };
		3A77E9902113444100C06B90 /* UIButtonExt.swift */ = {isa = PBXFileReference; lastKnownFileType = sourcecode.swift; path = UIButtonExt.swift; sourceTree = "<group>"; };
		3A77E9922113514B00C06B90 /* UIViewControllerExt.swift */ = {isa = PBXFileReference; lastKnownFileType = sourcecode.swift; path = UIViewControllerExt.swift; sourceTree = "<group>"; };
		3A77E99721136F4600C06B90 /* ForgotPwdViewController.swift */ = {isa = PBXFileReference; lastKnownFileType = sourcecode.swift; path = ForgotPwdViewController.swift; sourceTree = "<group>"; };
		3A77E9992113750700C06B90 /* VerifyPhoneViewController.swift */ = {isa = PBXFileReference; lastKnownFileType = sourcecode.swift; path = VerifyPhoneViewController.swift; sourceTree = "<group>"; };
		3A77E99B211378A000C06B90 /* VerifyCodeViewController.swift */ = {isa = PBXFileReference; lastKnownFileType = sourcecode.swift; path = VerifyCodeViewController.swift; sourceTree = "<group>"; };
		3A77E99F211595A500C06B90 /* HomeIndicatorView.swift */ = {isa = PBXFileReference; lastKnownFileType = sourcecode.swift; path = HomeIndicatorView.swift; sourceTree = "<group>"; };
		3A77E9A121159AE000C06B90 /* HomeListTableViewModel.swift */ = {isa = PBXFileReference; lastKnownFileType = sourcecode.swift; path = HomeListTableViewModel.swift; sourceTree = "<group>"; };
		3A77E9A321159B0B00C06B90 /* HomeListTableViewCell.swift */ = {isa = PBXFileReference; lastKnownFileType = sourcecode.swift; path = HomeListTableViewCell.swift; sourceTree = "<group>"; };
		5A25851C21185AC40038AD5C /* HomeListTableCellModel.swift */ = {isa = PBXFileReference; lastKnownFileType = sourcecode.swift; path = HomeListTableCellModel.swift; sourceTree = "<group>"; };
		5AD9ABF32112D69400BB5AAA /* Cros-Bridging-Header.h */ = {isa = PBXFileReference; lastKnownFileType = sourcecode.c.h; path = "Cros-Bridging-Header.h"; sourceTree = "<group>"; };
		5AD9ABF42112D69400BB5AAA /* GraphCodeView.h */ = {isa = PBXFileReference; fileEncoding = 4; lastKnownFileType = sourcecode.c.h; path = GraphCodeView.h; sourceTree = "<group>"; };
		5AD9ABF52112D69500BB5AAA /* GraphCodeView.m */ = {isa = PBXFileReference; fileEncoding = 4; lastKnownFileType = sourcecode.c.objc; path = GraphCodeView.m; sourceTree = "<group>"; };
		5AD9ABFC2116DF7F00BB5AAA /* KeychainPasswordItem.swift */ = {isa = PBXFileReference; fileEncoding = 4; lastKnownFileType = sourcecode.swift; path = KeychainPasswordItem.swift; sourceTree = "<group>"; };
		5AD9ABFE2116DF9A00BB5AAA /* KeychainConfiguration.swift */ = {isa = PBXFileReference; fileEncoding = 4; lastKnownFileType = sourcecode.swift; path = KeychainConfiguration.swift; sourceTree = "<group>"; };
		5AD9AC002116F13A00BB5AAA /* HomeWalletListViewModel.swift */ = {isa = PBXFileReference; lastKnownFileType = sourcecode.swift; path = HomeWalletListViewModel.swift; sourceTree = "<group>"; };
		5AD9AC022117068C00BB5AAA /* LoginModel.swift */ = {isa = PBXFileReference; lastKnownFileType = sourcecode.swift; path = LoginModel.swift; sourceTree = "<group>"; };
		5AD9AC042117276000BB5AAA /* InputValidation.swift */ = {isa = PBXFileReference; lastKnownFileType = sourcecode.swift; path = InputValidation.swift; sourceTree = "<group>"; };
		5AD9AC062117EE9200BB5AAA /* HomeRightDrawer.swift */ = {isa = PBXFileReference; lastKnownFileType = sourcecode.swift; path = HomeRightDrawer.swift; sourceTree = "<group>"; };
		5AF59297211152B7005C9F3E /* Cros.app */ = {isa = PBXFileReference; explicitFileType = wrapper.application; includeInIndex = 0; path = Cros.app; sourceTree = BUILT_PRODUCTS_DIR; };
		5AF5929A211152B7005C9F3E /* AppDelegate.swift */ = {isa = PBXFileReference; lastKnownFileType = sourcecode.swift; path = AppDelegate.swift; sourceTree = "<group>"; };
		5AF592A1211152B9005C9F3E /* Assets.xcassets */ = {isa = PBXFileReference; lastKnownFileType = folder.assetcatalog; path = Assets.xcassets; sourceTree = "<group>"; };
		5AF592A4211152B9005C9F3E /* Base */ = {isa = PBXFileReference; lastKnownFileType = file.storyboard; name = Base; path = Base.lproj/LaunchScreen.storyboard; sourceTree = "<group>"; };
		5AF592A6211152BA005C9F3E /* Info.plist */ = {isa = PBXFileReference; lastKnownFileType = text.plist.xml; path = Info.plist; sourceTree = "<group>"; };
		5AF592AD211153B3005C9F3E /* CRORequest.swift */ = {isa = PBXFileReference; lastKnownFileType = sourcecode.swift; path = CRORequest.swift; sourceTree = "<group>"; };
		5AF592B0211153D2005C9F3E /* RefreshHeader.swift */ = {isa = PBXFileReference; fileEncoding = 4; lastKnownFileType = sourcecode.swift; path = RefreshHeader.swift; sourceTree = "<group>"; };
		5AF592B1211153D2005C9F3E /* WebView.swift */ = {isa = PBXFileReference; fileEncoding = 4; lastKnownFileType = sourcecode.swift; path = WebView.swift; sourceTree = "<group>"; };
		5AF592C521115425005C9F3E /* HomeCollectionViewModel.swift */ = {isa = PBXFileReference; fileEncoding = 4; lastKnownFileType = sourcecode.swift; path = HomeCollectionViewModel.swift; sourceTree = "<group>"; };
		5AF592C621115425005C9F3E /* HomeCollectionCellModel.swift */ = {isa = PBXFileReference; fileEncoding = 4; lastKnownFileType = sourcecode.swift; path = HomeCollectionCellModel.swift; sourceTree = "<group>"; };
		5AF592C821115425005C9F3E /* HomeCollectionViewCell.swift */ = {isa = PBXFileReference; fileEncoding = 4; lastKnownFileType = sourcecode.swift; path = HomeCollectionViewCell.swift; sourceTree = "<group>"; };
		5AF592C921115425005C9F3E /* HomeCollectionView.swift */ = {isa = PBXFileReference; fileEncoding = 4; lastKnownFileType = sourcecode.swift; path = HomeCollectionView.swift; sourceTree = "<group>"; };
		5AF592CB21115425005C9F3E /* HomeViewController.swift */ = {isa = PBXFileReference; fileEncoding = 4; lastKnownFileType = sourcecode.swift; path = HomeViewController.swift; sourceTree = "<group>"; };
		5AF592D221115947005C9F3E /* HUD.swift */ = {isa = PBXFileReference; lastKnownFileType = sourcecode.swift; path = HUD.swift; sourceTree = "<group>"; };
		5AF592D421115BD3005C9F3E /* PhoneLoginViewController.swift */ = {isa = PBXFileReference; lastKnownFileType = sourcecode.swift; path = PhoneLoginViewController.swift; sourceTree = "<group>"; };
		5AF592D621115E3E005C9F3E /* RegisterViewController.swift */ = {isa = PBXFileReference; lastKnownFileType = sourcecode.swift; path = RegisterViewController.swift; sourceTree = "<group>"; };
		5AF592D921115F02005C9F3E /* TabBarViewController.swift */ = {isa = PBXFileReference; fileEncoding = 4; lastKnownFileType = sourcecode.swift; path = TabBarViewController.swift; sourceTree = "<group>"; };
		5AF592DC21119B37005C9F3E /* UIViewExt.swift */ = {isa = PBXFileReference; lastKnownFileType = sourcecode.swift; path = UIViewExt.swift; sourceTree = "<group>"; };
		5AF592DE21119F3E005C9F3E /* UIColorExt.swift */ = {isa = PBXFileReference; lastKnownFileType = sourcecode.swift; path = UIColorExt.swift; sourceTree = "<group>"; };
		5AF592E12111AB2C005C9F3E /* UIImageExt.swift */ = {isa = PBXFileReference; lastKnownFileType = sourcecode.swift; path = UIImageExt.swift; sourceTree = "<group>"; };
		B705AC232440132CB2873D34 /* Pods-Cros.debug.xcconfig */ = {isa = PBXFileReference; includeInIndex = 1; lastKnownFileType = text.xcconfig; name = "Pods-Cros.debug.xcconfig"; path = "Pods/Target Support Files/Pods-Cros/Pods-Cros.debug.xcconfig"; sourceTree = "<group>"; };
/* End PBXFileReference section */

/* Begin PBXFrameworksBuildPhase section */
		5AF59294211152B7005C9F3E /* Frameworks */ = {
			isa = PBXFrameworksBuildPhase;
			buildActionMask = 2147483647;
			files = (
				62795F05AF21262D0D4067C0 /* Pods_Cros.framework in Frameworks */,
			);
			runOnlyForDeploymentPostprocessing = 0;
		};
/* End PBXFrameworksBuildPhase section */

/* Begin PBXGroup section */
		20BE6BAA2048E3816600698B /* Pods */ = {
			isa = PBXGroup;
			children = (
				B705AC232440132CB2873D34 /* Pods-Cros.debug.xcconfig */,
				1B658E1B7A063FB302630298 /* Pods-Cros.release.xcconfig */,
			);
			name = Pods;
			sourceTree = "<group>";
		};
		3A64B68021160E0100AFAAF6 /* Mineral */ = {
			isa = PBXGroup;
			children = (
				3A64B68121160E3B00AFAAF6 /* MineralViewController.swift */,
			);
			path = Mineral;
			sourceTree = "<group>";
		};
		3A64B68321160E4500AFAAF6 /* News */ = {
			isa = PBXGroup;
			children = (
				3A64B68421160E5E00AFAAF6 /* NewsViewController.swift */,
			);
			path = News;
			sourceTree = "<group>";
		};
		3A64B68621160E6500AFAAF6 /* Mine */ = {
			isa = PBXGroup;
			children = (
				3A64B68721160EA300AFAAF6 /* MineViewController.swift */,
			);
			path = Mine;
			sourceTree = "<group>";
		};
		5AF5928E211152B7005C9F3E = {
			isa = PBXGroup;
			children = (
				5AF59299211152B7005C9F3E /* Cros */,
				5AF59298211152B7005C9F3E /* Products */,
				20BE6BAA2048E3816600698B /* Pods */,
				8B7803D52BD98384253852B2 /* Frameworks */,
			);
			sourceTree = "<group>";
		};
		5AF59298211152B7005C9F3E /* Products */ = {
			isa = PBXGroup;
			children = (
				5AF59297211152B7005C9F3E /* Cros.app */,
			);
			name = Products;
			sourceTree = "<group>";
		};
		5AF59299211152B7005C9F3E /* Cros */ = {
			isa = PBXGroup;
			children = (
				3A64B689211756BC00AFAAF6 /* Cros.entitlements */,
				5AF592DB21119B1F005C9F3E /* Utilities */,
				5AF592C221115412005C9F3E /* Business */,
				5AF592AF211153D2005C9F3E /* Component */,
				5AF592AC21115380005C9F3E /* Network */,
				5AF5929A211152B7005C9F3E /* AppDelegate.swift */,
				5AF592A1211152B9005C9F3E /* Assets.xcassets */,
				5AF592A3211152B9005C9F3E /* LaunchScreen.storyboard */,
				5AF592A6211152BA005C9F3E /* Info.plist */,
				5AD9ABF32112D69400BB5AAA /* Cros-Bridging-Header.h */,
			);
			path = Cros;
			sourceTree = "<group>";
		};
		5AF592AC21115380005C9F3E /* Network */ = {
			isa = PBXGroup;
			children = (
				5AF592AD211153B3005C9F3E /* CRORequest.swift */,
			);
			path = Network;
			sourceTree = "<group>";
		};
		5AF592AF211153D2005C9F3E /* Component */ = {
			isa = PBXGroup;
			children = (
				5AD9ABF42112D69400BB5AAA /* GraphCodeView.h */,
				5AD9ABF52112D69500BB5AAA /* GraphCodeView.m */,
				5AF592B0211153D2005C9F3E /* RefreshHeader.swift */,
				5AF592B1211153D2005C9F3E /* WebView.swift */,
				5AF592D221115947005C9F3E /* HUD.swift */,
			);
			path = Component;
			sourceTree = "<group>";
		};
		5AF592C221115412005C9F3E /* Business */ = {
			isa = PBXGroup;
			children = (
				5AF592D821115EE2005C9F3E /* TabBar */,
				3A64B68621160E6500AFAAF6 /* Mine */,
				3A64B68321160E4500AFAAF6 /* News */,
				3A64B68021160E0100AFAAF6 /* Mineral */,
				5AF592D121115429005C9F3E /* Login */,
				5AF592C321115425005C9F3E /* Home */,
			);
			path = Business;
			sourceTree = "<group>";
		};
		5AF592C321115425005C9F3E /* Home */ = {
			isa = PBXGroup;
			children = (
				5AF592C421115425005C9F3E /* ViewModel */,
				5AF592C721115425005C9F3E /* View */,
				5AF592CA21115425005C9F3E /* ViewController */,
			);
			path = Home;
			sourceTree = "<group>";
		};
		5AF592C421115425005C9F3E /* ViewModel */ = {
			isa = PBXGroup;
			children = (
				5AF592C521115425005C9F3E /* HomeCollectionViewModel.swift */,
				5AF592C621115425005C9F3E /* HomeCollectionCellModel.swift */,
				3A77E9A121159AE000C06B90 /* HomeListTableViewModel.swift */,
				5A25851C21185AC40038AD5C /* HomeListTableCellModel.swift */,
				5AD9AC002116F13A00BB5AAA /* HomeWalletListViewModel.swift */,
			);
			path = ViewModel;
			sourceTree = "<group>";
		};
		5AF592C721115425005C9F3E /* View */ = {
			isa = PBXGroup;
			children = (
				5AF592C821115425005C9F3E /* HomeCollectionViewCell.swift */,
				5AF592C921115425005C9F3E /* HomeCollectionView.swift */,
				3A77E99F211595A500C06B90 /* HomeIndicatorView.swift */,
				3A77E9A321159B0B00C06B90 /* HomeListTableViewCell.swift */,
				5AD9AC062117EE9200BB5AAA /* HomeRightDrawer.swift */,
				3A64B68E2118AF8800AFAAF6 /* UnloginView.swift */,
			);
			path = View;
			sourceTree = "<group>";
		};
		5AF592CA21115425005C9F3E /* ViewController */ = {
			isa = PBXGroup;
			children = (
				5AF592CB21115425005C9F3E /* HomeViewController.swift */,
			);
			path = ViewController;
			sourceTree = "<group>";
		};
		5AF592D121115429005C9F3E /* Login */ = {
			isa = PBXGroup;
			children = (
				5AF592D421115BD3005C9F3E /* PhoneLoginViewController.swift */,
				5AF592D621115E3E005C9F3E /* RegisterViewController.swift */,
				3A77E99721136F4600C06B90 /* ForgotPwdViewController.swift */,
				3A77E9992113750700C06B90 /* VerifyPhoneViewController.swift */,
				3A77E99B211378A000C06B90 /* VerifyCodeViewController.swift */,
				5AD9AC022117068C00BB5AAA /* LoginModel.swift */,
			);
			path = Login;
			sourceTree = "<group>";
		};
		5AF592D821115EE2005C9F3E /* TabBar */ = {
			isa = PBXGroup;
			children = (
				5AF592D921115F02005C9F3E /* TabBarViewController.swift */,
			);
			path = TabBar;
			sourceTree = "<group>";
		};
		5AF592DB21119B1F005C9F3E /* Utilities */ = {
			isa = PBXGroup;
			children = (
				5AD9ABFE2116DF9A00BB5AAA /* KeychainConfiguration.swift */,
				5AD9ABFC2116DF7F00BB5AAA /* KeychainPasswordItem.swift */,
				5AF592DC21119B37005C9F3E /* UIViewExt.swift */,
				5AF592DE21119F3E005C9F3E /* UIColorExt.swift */,
				5AF592E12111AB2C005C9F3E /* UIImageExt.swift */,
				3A77E9902113444100C06B90 /* UIButtonExt.swift */,
				3A77E9922113514B00C06B90 /* UIViewControllerExt.swift */,
				5AD9AC042117276000BB5AAA /* InputValidation.swift */,
			);
			path = Utilities;
			sourceTree = "<group>";
		};
		8B7803D52BD98384253852B2 /* Frameworks */ = {
			isa = PBXGroup;
			children = (
				207A73707D9ABDEE01F274E2 /* Pods_Cros.framework */,
			);
			name = Frameworks;
			sourceTree = "<group>";
		};
/* End PBXGroup section */

/* Begin PBXNativeTarget section */
		5AF59296211152B7005C9F3E /* Cros */ = {
			isa = PBXNativeTarget;
			buildConfigurationList = 5AF592A9211152BA005C9F3E /* Build configuration list for PBXNativeTarget "Cros" */;
			buildPhases = (
				6EDCEB67756080C7C5D24826 /* [CP] Check Pods Manifest.lock */,
				5AF592E02111A11A005C9F3E /* ShellScript */,
				5AF59293211152B7005C9F3E /* Sources */,
				5AF59294211152B7005C9F3E /* Frameworks */,
				5AF59295211152B7005C9F3E /* Resources */,
				FF93243CACBB68145117C5A1 /* [CP] Embed Pods Frameworks */,
			);
			buildRules = (
			);
			dependencies = (
			);
			name = Cros;
			productName = Cros;
			productReference = 5AF59297211152B7005C9F3E /* Cros.app */;
			productType = "com.apple.product-type.application";
		};
/* End PBXNativeTarget section */

/* Begin PBXProject section */
		5AF5928F211152B7005C9F3E /* Project object */ = {
			isa = PBXProject;
			attributes = {
				LastSwiftUpdateCheck = 0940;
				LastUpgradeCheck = 0940;
				ORGANIZATIONNAME = "Wu Lei";
				TargetAttributes = {
					5AF59296211152B7005C9F3E = {
						CreatedOnToolsVersion = 9.4.1;
						LastSwiftMigration = 0940;
						SystemCapabilities = {
							com.apple.Keychain = {
								enabled = 1;
							};
						};
					};
				};
			};
			buildConfigurationList = 5AF59292211152B7005C9F3E /* Build configuration list for PBXProject "Cros" */;
			compatibilityVersion = "Xcode 9.3";
			developmentRegion = en;
			hasScannedForEncodings = 0;
			knownRegions = (
				en,
				Base,
			);
			mainGroup = 5AF5928E211152B7005C9F3E;
			productRefGroup = 5AF59298211152B7005C9F3E /* Products */;
			projectDirPath = "";
			projectRoot = "";
			targets = (
				5AF59296211152B7005C9F3E /* Cros */,
			);
		};
/* End PBXProject section */

/* Begin PBXResourcesBuildPhase section */
		5AF59295211152B7005C9F3E /* Resources */ = {
			isa = PBXResourcesBuildPhase;
			buildActionMask = 2147483647;
			files = (
				5AF592A5211152B9005C9F3E /* LaunchScreen.storyboard in Resources */,
				5AF592A2211152B9005C9F3E /* Assets.xcassets in Resources */,
			);
			runOnlyForDeploymentPostprocessing = 0;
		};
/* End PBXResourcesBuildPhase section */

/* Begin PBXShellScriptBuildPhase section */
		5AF592E02111A11A005C9F3E /* ShellScript */ = {
			isa = PBXShellScriptBuildPhase;
			buildActionMask = 2147483647;
			files = (
			);
			inputPaths = (
			);
			outputPaths = (
			);
			runOnlyForDeploymentPostprocessing = 0;
			shellPath = /bin/sh;
			shellScript = "swiftlint autocorrect";
		};
		6EDCEB67756080C7C5D24826 /* [CP] Check Pods Manifest.lock */ = {
			isa = PBXShellScriptBuildPhase;
			buildActionMask = 2147483647;
			files = (
			);
			inputPaths = (
				"${PODS_PODFILE_DIR_PATH}/Podfile.lock",
				"${PODS_ROOT}/Manifest.lock",
			);
			name = "[CP] Check Pods Manifest.lock";
			outputPaths = (
				"$(DERIVED_FILE_DIR)/Pods-Cros-checkManifestLockResult.txt",
			);
			runOnlyForDeploymentPostprocessing = 0;
			shellPath = /bin/sh;
			shellScript = "diff \"${PODS_PODFILE_DIR_PATH}/Podfile.lock\" \"${PODS_ROOT}/Manifest.lock\" > /dev/null\nif [ $? != 0 ] ; then\n    # print error to STDERR\n    echo \"error: The sandbox is not in sync with the Podfile.lock. Run 'pod install' or update your CocoaPods installation.\" >&2\n    exit 1\nfi\n# This output is used by Xcode 'outputs' to avoid re-running this script phase.\necho \"SUCCESS\" > \"${SCRIPT_OUTPUT_FILE_0}\"\n";
			showEnvVarsInLog = 0;
		};
		FF93243CACBB68145117C5A1 /* [CP] Embed Pods Frameworks */ = {
			isa = PBXShellScriptBuildPhase;
			buildActionMask = 2147483647;
			files = (
			);
			inputPaths = (
				"${SRCROOT}/Pods/Target Support Files/Pods-Cros/Pods-Cros-frameworks.sh",
				"${BUILT_PRODUCTS_DIR}/Alamofire/Alamofire.framework",
				"${BUILT_PRODUCTS_DIR}/IQKeyboardManagerSwift/IQKeyboardManagerSwift.framework",
				"${BUILT_PRODUCTS_DIR}/Kingfisher/Kingfisher.framework",
				"${BUILT_PRODUCTS_DIR}/MBProgressHUD/MBProgressHUD.framework",
				"${BUILT_PRODUCTS_DIR}/MJRefresh/MJRefresh.framework",
				"${BUILT_PRODUCTS_DIR}/SnapKit/SnapKit.framework",
			);
			name = "[CP] Embed Pods Frameworks";
			outputPaths = (
				"${TARGET_BUILD_DIR}/${FRAMEWORKS_FOLDER_PATH}/Alamofire.framework",
				"${TARGET_BUILD_DIR}/${FRAMEWORKS_FOLDER_PATH}/IQKeyboardManagerSwift.framework",
				"${TARGET_BUILD_DIR}/${FRAMEWORKS_FOLDER_PATH}/Kingfisher.framework",
				"${TARGET_BUILD_DIR}/${FRAMEWORKS_FOLDER_PATH}/MBProgressHUD.framework",
				"${TARGET_BUILD_DIR}/${FRAMEWORKS_FOLDER_PATH}/MJRefresh.framework",
				"${TARGET_BUILD_DIR}/${FRAMEWORKS_FOLDER_PATH}/SnapKit.framework",
			);
			runOnlyForDeploymentPostprocessing = 0;
			shellPath = /bin/sh;
			shellScript = "\"${SRCROOT}/Pods/Target Support Files/Pods-Cros/Pods-Cros-frameworks.sh\"\n";
			showEnvVarsInLog = 0;
		};
/* End PBXShellScriptBuildPhase section */

/* Begin PBXSourcesBuildPhase section */
		5AF59293211152B7005C9F3E /* Sources */ = {
			isa = PBXSourcesBuildPhase;
			buildActionMask = 2147483647;
			files = (
				3A77E9A221159AE000C06B90 /* HomeListTableViewModel.swift in Sources */,
				5AD9ABF62112D69500BB5AAA /* GraphCodeView.m in Sources */,
				5AF592DD21119B37005C9F3E /* UIViewExt.swift in Sources */,
				3A64B68F2118AF8800AFAAF6 /* UnloginView.swift in Sources */,
				3A64B68821160EA300AFAAF6 /* MineViewController.swift in Sources */,
				3A77E9A421159B0B00C06B90 /* HomeListTableViewCell.swift in Sources */,
				3A77E99C211378A000C06B90 /* VerifyCodeViewController.swift in Sources */,
				5AD9AC012116F13A00BB5AAA /* HomeWalletListViewModel.swift in Sources */,
				5AF592CD21115425005C9F3E /* HomeCollectionCellModel.swift in Sources */,
				5AF592D321115947005C9F3E /* HUD.swift in Sources */,
				3A64B68221160E3B00AFAAF6 /* MineralViewController.swift in Sources */,
				5AF592B3211153D2005C9F3E /* WebView.swift in Sources */,
				5AF592D721115E3E005C9F3E /* RegisterViewController.swift in Sources */,
				5AF5929B211152B7005C9F3E /* AppDelegate.swift in Sources */,
				3A77E9912113444100C06B90 /* UIButtonExt.swift in Sources */,
				5AF592B2211153D2005C9F3E /* RefreshHeader.swift in Sources */,
				5AF592D021115425005C9F3E /* HomeViewController.swift in Sources */,
				5AF592D521115BD3005C9F3E /* PhoneLoginViewController.swift in Sources */,
				3A64B68521160E5E00AFAAF6 /* NewsViewController.swift in Sources */,
				3A77E99821136F4600C06B90 /* ForgotPwdViewController.swift in Sources */,
				5AF592CF21115425005C9F3E /* HomeCollectionView.swift in Sources */,
				5AD9AC072117EE9200BB5AAA /* HomeRightDrawer.swift in Sources */,
				3A77E99A2113750700C06B90 /* VerifyPhoneViewController.swift in Sources */,
				5AD9AC032117068C00BB5AAA /* LoginModel.swift in Sources */,
				5AD9AC052117276000BB5AAA /* InputValidation.swift in Sources */,
				5AF592AE211153B3005C9F3E /* CRORequest.swift in Sources */,
				5AF592DA21115F02005C9F3E /* TabBarViewController.swift in Sources */,
				3A77E9932113514B00C06B90 /* UIViewControllerExt.swift in Sources */,
				5AF592CC21115425005C9F3E /* HomeCollectionViewModel.swift in Sources */,
				5AD9ABFF2116DF9A00BB5AAA /* KeychainConfiguration.swift in Sources */,
				5AD9ABFD2116DF7F00BB5AAA /* KeychainPasswordItem.swift in Sources */,
				5AF592E22111AB2C005C9F3E /* UIImageExt.swift in Sources */,
				3A77E9A0211595A500C06B90 /* HomeIndicatorView.swift in Sources */,
				5AF592DF21119F3E005C9F3E /* UIColorExt.swift in Sources */,
				5AF592CE21115425005C9F3E /* HomeCollectionViewCell.swift in Sources */,
				5A25851D21185AC40038AD5C /* HomeListTableCellModel.swift in Sources */,
			);
			runOnlyForDeploymentPostprocessing = 0;
		};
/* End PBXSourcesBuildPhase section */

/* Begin PBXVariantGroup section */
		5AF592A3211152B9005C9F3E /* LaunchScreen.storyboard */ = {
			isa = PBXVariantGroup;
			children = (
				5AF592A4211152B9005C9F3E /* Base */,
			);
			name = LaunchScreen.storyboard;
			sourceTree = "<group>";
		};
/* End PBXVariantGroup section */

/* Begin XCBuildConfiguration section */
		5AF592A7211152BA005C9F3E /* Debug */ = {
			isa = XCBuildConfiguration;
			buildSettings = {
				ALWAYS_SEARCH_USER_PATHS = NO;
				CLANG_ANALYZER_NONNULL = YES;
				CLANG_ANALYZER_NUMBER_OBJECT_CONVERSION = YES_AGGRESSIVE;
				CLANG_CXX_LANGUAGE_STANDARD = "gnu++14";
				CLANG_CXX_LIBRARY = "libc++";
				CLANG_ENABLE_MODULES = YES;
				CLANG_ENABLE_OBJC_ARC = YES;
				CLANG_ENABLE_OBJC_WEAK = YES;
				CLANG_WARN_BLOCK_CAPTURE_AUTORELEASING = YES;
				CLANG_WARN_BOOL_CONVERSION = YES;
				CLANG_WARN_COMMA = YES;
				CLANG_WARN_CONSTANT_CONVERSION = YES;
				CLANG_WARN_DEPRECATED_OBJC_IMPLEMENTATIONS = YES;
				CLANG_WARN_DIRECT_OBJC_ISA_USAGE = YES_ERROR;
				CLANG_WARN_DOCUMENTATION_COMMENTS = YES;
				CLANG_WARN_EMPTY_BODY = YES;
				CLANG_WARN_ENUM_CONVERSION = YES;
				CLANG_WARN_INFINITE_RECURSION = YES;
				CLANG_WARN_INT_CONVERSION = YES;
				CLANG_WARN_NON_LITERAL_NULL_CONVERSION = YES;
				CLANG_WARN_OBJC_IMPLICIT_RETAIN_SELF = YES;
				CLANG_WARN_OBJC_LITERAL_CONVERSION = YES;
				CLANG_WARN_OBJC_ROOT_CLASS = YES_ERROR;
				CLANG_WARN_RANGE_LOOP_ANALYSIS = YES;
				CLANG_WARN_STRICT_PROTOTYPES = YES;
				CLANG_WARN_SUSPICIOUS_MOVE = YES;
				CLANG_WARN_UNGUARDED_AVAILABILITY = YES_AGGRESSIVE;
				CLANG_WARN_UNREACHABLE_CODE = YES;
				CLANG_WARN__DUPLICATE_METHOD_MATCH = YES;
				CODE_SIGN_IDENTITY = "iPhone Developer";
				COPY_PHASE_STRIP = NO;
				DEBUG_INFORMATION_FORMAT = dwarf;
				ENABLE_STRICT_OBJC_MSGSEND = YES;
				ENABLE_TESTABILITY = YES;
				GCC_C_LANGUAGE_STANDARD = gnu11;
				GCC_DYNAMIC_NO_PIC = NO;
				GCC_NO_COMMON_BLOCKS = YES;
				GCC_OPTIMIZATION_LEVEL = 0;
				GCC_PREPROCESSOR_DEFINITIONS = (
					"DEBUG=1",
					"$(inherited)",
				);
				GCC_WARN_64_TO_32_BIT_CONVERSION = YES;
				GCC_WARN_ABOUT_RETURN_TYPE = YES_ERROR;
				GCC_WARN_UNDECLARED_SELECTOR = YES;
				GCC_WARN_UNINITIALIZED_AUTOS = YES_AGGRESSIVE;
				GCC_WARN_UNUSED_FUNCTION = YES;
				GCC_WARN_UNUSED_VARIABLE = YES;
				IPHONEOS_DEPLOYMENT_TARGET = 11.4;
				MTL_ENABLE_DEBUG_INFO = YES;
				ONLY_ACTIVE_ARCH = YES;
				SDKROOT = iphoneos;
				SWIFT_ACTIVE_COMPILATION_CONDITIONS = DEBUG;
				SWIFT_OPTIMIZATION_LEVEL = "-Onone";
			};
			name = Debug;
		};
		5AF592A8211152BA005C9F3E /* Release */ = {
			isa = XCBuildConfiguration;
			buildSettings = {
				ALWAYS_SEARCH_USER_PATHS = NO;
				CLANG_ANALYZER_NONNULL = YES;
				CLANG_ANALYZER_NUMBER_OBJECT_CONVERSION = YES_AGGRESSIVE;
				CLANG_CXX_LANGUAGE_STANDARD = "gnu++14";
				CLANG_CXX_LIBRARY = "libc++";
				CLANG_ENABLE_MODULES = YES;
				CLANG_ENABLE_OBJC_ARC = YES;
				CLANG_ENABLE_OBJC_WEAK = YES;
				CLANG_WARN_BLOCK_CAPTURE_AUTORELEASING = YES;
				CLANG_WARN_BOOL_CONVERSION = YES;
				CLANG_WARN_COMMA = YES;
				CLANG_WARN_CONSTANT_CONVERSION = YES;
				CLANG_WARN_DEPRECATED_OBJC_IMPLEMENTATIONS = YES;
				CLANG_WARN_DIRECT_OBJC_ISA_USAGE = YES_ERROR;
				CLANG_WARN_DOCUMENTATION_COMMENTS = YES;
				CLANG_WARN_EMPTY_BODY = YES;
				CLANG_WARN_ENUM_CONVERSION = YES;
				CLANG_WARN_INFINITE_RECURSION = YES;
				CLANG_WARN_INT_CONVERSION = YES;
				CLANG_WARN_NON_LITERAL_NULL_CONVERSION = YES;
				CLANG_WARN_OBJC_IMPLICIT_RETAIN_SELF = YES;
				CLANG_WARN_OBJC_LITERAL_CONVERSION = YES;
				CLANG_WARN_OBJC_ROOT_CLASS = YES_ERROR;
				CLANG_WARN_RANGE_LOOP_ANALYSIS = YES;
				CLANG_WARN_STRICT_PROTOTYPES = YES;
				CLANG_WARN_SUSPICIOUS_MOVE = YES;
				CLANG_WARN_UNGUARDED_AVAILABILITY = YES_AGGRESSIVE;
				CLANG_WARN_UNREACHABLE_CODE = YES;
				CLANG_WARN__DUPLICATE_METHOD_MATCH = YES;
				CODE_SIGN_IDENTITY = "iPhone Developer";
				COPY_PHASE_STRIP = NO;
				DEBUG_INFORMATION_FORMAT = "dwarf-with-dsym";
				ENABLE_NS_ASSERTIONS = NO;
				ENABLE_STRICT_OBJC_MSGSEND = YES;
				GCC_C_LANGUAGE_STANDARD = gnu11;
				GCC_NO_COMMON_BLOCKS = YES;
				GCC_WARN_64_TO_32_BIT_CONVERSION = YES;
				GCC_WARN_ABOUT_RETURN_TYPE = YES_ERROR;
				GCC_WARN_UNDECLARED_SELECTOR = YES;
				GCC_WARN_UNINITIALIZED_AUTOS = YES_AGGRESSIVE;
				GCC_WARN_UNUSED_FUNCTION = YES;
				GCC_WARN_UNUSED_VARIABLE = YES;
				IPHONEOS_DEPLOYMENT_TARGET = 11.4;
				MTL_ENABLE_DEBUG_INFO = NO;
				SDKROOT = iphoneos;
				SWIFT_COMPILATION_MODE = wholemodule;
				SWIFT_OPTIMIZATION_LEVEL = "-O";
				VALIDATE_PRODUCT = YES;
			};
			name = Release;
		};
		5AF592AA211152BA005C9F3E /* Debug */ = {
			isa = XCBuildConfiguration;
			baseConfigurationReference = B705AC232440132CB2873D34 /* Pods-Cros.debug.xcconfig */;
			buildSettings = {
				ASSETCATALOG_COMPILER_APPICON_NAME = AppIcon;
				CLANG_ENABLE_MODULES = YES;
				CODE_SIGN_ENTITLEMENTS = Cros/Cros.entitlements;
				CODE_SIGN_IDENTITY = "iPhone Developer";
				CODE_SIGN_STYLE = Automatic;
				DEVELOPMENT_TEAM = D7LP79ESSD;
				INFOPLIST_FILE = Cros/Info.plist;
				IPHONEOS_DEPLOYMENT_TARGET = 9.0;
				LD_RUNPATH_SEARCH_PATHS = (
					"$(inherited)",
					"@executable_path/Frameworks",
				);
				PRODUCT_BUNDLE_IDENTIFIER = com.coin.wallet.Cros;
				PRODUCT_NAME = "$(TARGET_NAME)";
				PROVISIONING_PROFILE_SPECIFIER = "";
				SWIFT_OBJC_BRIDGING_HEADER = "Cros/Cros-Bridging-Header.h";
				SWIFT_OPTIMIZATION_LEVEL = "-Onone";
				SWIFT_VERSION = 4.0;
				TARGETED_DEVICE_FAMILY = 1;
			};
			name = Debug;
		};
		5AF592AB211152BA005C9F3E /* Release */ = {
			isa = XCBuildConfiguration;
			baseConfigurationReference = 1B658E1B7A063FB302630298 /* Pods-Cros.release.xcconfig */;
			buildSettings = {
				ASSETCATALOG_COMPILER_APPICON_NAME = AppIcon;
				CLANG_ENABLE_MODULES = YES;
				CODE_SIGN_ENTITLEMENTS = Cros/Cros.entitlements;
				CODE_SIGN_IDENTITY = "iPhone Developer";
				CODE_SIGN_STYLE = Automatic;
				DEVELOPMENT_TEAM = D7LP79ESSD;
				INFOPLIST_FILE = Cros/Info.plist;
				IPHONEOS_DEPLOYMENT_TARGET = 9.0;
				LD_RUNPATH_SEARCH_PATHS = (
					"$(inherited)",
					"@executable_path/Frameworks",
				);
				PRODUCT_BUNDLE_IDENTIFIER = com.coin.wallet.Cros;
				PRODUCT_NAME = "$(TARGET_NAME)";
				PROVISIONING_PROFILE_SPECIFIER = "";
				SWIFT_OBJC_BRIDGING_HEADER = "Cros/Cros-Bridging-Header.h";
				SWIFT_VERSION = 4.0;
				TARGETED_DEVICE_FAMILY = 1;
			};
			name = Release;
		};
/* End XCBuildConfiguration section */

/* Begin XCConfigurationList section */
		5AF59292211152B7005C9F3E /* Build configuration list for PBXProject "Cros" */ = {
			isa = XCConfigurationList;
			buildConfigurations = (
				5AF592A7211152BA005C9F3E /* Debug */,
				5AF592A8211152BA005C9F3E /* Release */,
			);
			defaultConfigurationIsVisible = 0;
			defaultConfigurationName = Release;
		};
		5AF592A9211152BA005C9F3E /* Build configuration list for PBXNativeTarget "Cros" */ = {
			isa = XCConfigurationList;
			buildConfigurations = (
				5AF592AA211152BA005C9F3E /* Debug */,
				5AF592AB211152BA005C9F3E /* Release */,
			);
			defaultConfigurationIsVisible = 0;
			defaultConfigurationName = Release;
		};
/* End XCConfigurationList section */
	};
	rootObject = 5AF5928F211152B7005C9F3E /* Project object */;
}
